
Microsoft Visual Studio Solution File, Format Version 12.00
# Visual Studio Version 17
VisualStudioVersion = 17.11.35222.181
MinimumVisualStudioVersion = 10.0.40219.1
Project("{FAE04EC0-301F-11D3-BF4B-00C04F79EFBC}") = "PE_1DArrays_AHarkleroad", "PE_1DArrays_AHarkleroad.csproj", "{1D227F79-5768-4468-98C9-EB334950F8F5}"
EndProject
Global
	GlobalSection(SolutionConfigurationPlatforms) = preSolution
		Debug|Any CPU = Debug|Any CPU
		Release|Any CPU = Release|Any CPU
	EndGlobalSection
	GlobalSection(ProjectConfigurationPlatforms) = postSolution
		{1D227F79-5768-4468-98C9-EB334950F8F5}.Debug|Any CPU.ActiveCfg = Debug|Any CPU
		{1D227F79-5768-4468-98C9-EB334950F8F5}.Debug|Any CPU.Build.0 = Debug|Any CPU
		{1D227F79-5768-4468-98C9-EB334950F8F5}.Release|Any CPU.ActiveCfg = Release|Any CPU
		{1D227F79-5768-4468-98C9-EB334950F8F5}.Release|Any CPU.Build.0 = Release|Any CPU
	EndGlobalSection
	GlobalSection(SolutionProperties) = preSolution
		HideSolutionNode = FALSE
	EndGlobalSection
	GlobalSection(ExtensibilityGlobals) = postSolution
		SolutionGuid = {0CE19B23-84DB-45E4-AF0B-5B25FB8F0D66}
	EndGlobalSection
EndGlobal
