
Microsoft Visual Studio Solution File, Format Version 12.00
# Visual Studio Version 17
VisualStudioVersion = 17.11.35222.181
MinimumVisualStudioVersion = 10.0.40219.1
Project("{FAE04EC0-301F-11D3-BF4B-00C04F79EFBC}") = "HW3_Gradebook_AHarkleroad", "HW3_Gradebook_AHarkleroad.csproj", "{F39A072A-4BF3-4BD9-B58A-AC61B95BC327}"
EndProject
Global
	GlobalSection(SolutionConfigurationPlatforms) = preSolution
		Debug|Any CPU = Debug|Any CPU
		Release|Any CPU = Release|Any CPU
	EndGlobalSection
	GlobalSection(ProjectConfigurationPlatforms) = postSolution
		{F39A072A-4BF3-4BD9-B58A-AC61B95BC327}.Debug|Any CPU.ActiveCfg = Debug|Any CPU
		{F39A072A-4BF3-4BD9-B58A-AC61B95BC327}.Debug|Any CPU.Build.0 = Debug|Any CPU
		{F39A072A-4BF3-4BD9-B58A-AC61B95BC327}.Release|Any CPU.ActiveCfg = Release|Any CPU
		{F39A072A-4BF3-4BD9-B58A-AC61B95BC327}.Release|Any CPU.Build.0 = Release|Any CPU
	EndGlobalSection
	GlobalSection(SolutionProperties) = preSolution
		HideSolutionNode = FALSE
	EndGlobalSection
	GlobalSection(ExtensibilityGlobals) = postSolution
		SolutionGuid = {5FC4576E-5022-49C8-A812-5EBD2B15D2F8}
	EndGlobalSection
EndGlobal
