
Microsoft Visual Studio Solution File, Format Version 12.00
# Visual Studio Version 17
VisualStudioVersion = 17.11.35222.181
MinimumVisualStudioVersion = 10.0.40219.1
Project("{FAE04EC0-301F-11D3-BF4B-00C04F79EFBC}") = "HW_StatsAnalysis_AHarkleroad", "HW_StatsAnalysis_AHarkleroad.csproj", "{1DAD6BAC-555B-41CB-8DC4-46188C759A72}"
EndProject
Global
	GlobalSection(SolutionConfigurationPlatforms) = preSolution
		Debug|Any CPU = Debug|Any CPU
		Release|Any CPU = Release|Any CPU
	EndGlobalSection
	GlobalSection(ProjectConfigurationPlatforms) = postSolution
		{1DAD6BAC-555B-41CB-8DC4-46188C759A72}.Debug|Any CPU.ActiveCfg = Debug|Any CPU
		{1DAD6BAC-555B-41CB-8DC4-46188C759A72}.Debug|Any CPU.Build.0 = Debug|Any CPU
		{1DAD6BAC-555B-41CB-8DC4-46188C759A72}.Release|Any CPU.ActiveCfg = Release|Any CPU
		{1DAD6BAC-555B-41CB-8DC4-46188C759A72}.Release|Any CPU.Build.0 = Release|Any CPU
	EndGlobalSection
	GlobalSection(SolutionProperties) = preSolution
		HideSolutionNode = FALSE
	EndGlobalSection
	GlobalSection(ExtensibilityGlobals) = postSolution
		SolutionGuid = {3FFA39E0-D6AA-4C87-A22D-1CFB0B0BAE0C}
	EndGlobalSection
EndGlobal
