
Microsoft Visual Studio Solution File, Format Version 12.00
# Visual Studio Version 17
VisualStudioVersion = 17.11.35222.181
MinimumVisualStudioVersion = 10.0.40219.1
Project("{FAE04EC0-301F-11D3-BF4B-00C04F79EFBC}") = "PE_StringFormatting_AizlynnHarkleroad", "PE_StringFormatting_AizlynnHarkleroad.csproj", "{BB2FE9CA-0092-4D64-9237-9633768A5123}"
EndProject
Global
	GlobalSection(SolutionConfigurationPlatforms) = preSolution
		Debug|Any CPU = Debug|Any CPU
		Release|Any CPU = Release|Any CPU
	EndGlobalSection
	GlobalSection(ProjectConfigurationPlatforms) = postSolution
		{BB2FE9CA-0092-4D64-9237-9633768A5123}.Debug|Any CPU.ActiveCfg = Debug|Any CPU
		{BB2FE9CA-0092-4D64-9237-9633768A5123}.Debug|Any CPU.Build.0 = Debug|Any CPU
		{BB2FE9CA-0092-4D64-9237-9633768A5123}.Release|Any CPU.ActiveCfg = Release|Any CPU
		{BB2FE9CA-0092-4D64-9237-9633768A5123}.Release|Any CPU.Build.0 = Release|Any CPU
	EndGlobalSection
	GlobalSection(SolutionProperties) = preSolution
		HideSolutionNode = FALSE
	EndGlobalSection
	GlobalSection(ExtensibilityGlobals) = postSolution
		SolutionGuid = {4CC139EE-FBB5-49B4-9A84-3C4AE7491FBA}
	EndGlobalSection
EndGlobal
