
Microsoft Visual Studio Solution File, Format Version 12.00
# Visual Studio Version 17
VisualStudioVersion = 17.3.32901.215
MinimumVisualStudioVersion = 10.0.40219.1
Project("{FAE04EC0-301F-11D3-BF4B-00C04F79EFBC}") = "DynamicMenus", "DynamicMenus.csproj", "{AE8981D6-C0FC-48CF-9870-52520F35B49E}"
EndProject
Global
	GlobalSection(SolutionConfigurationPlatforms) = preSolution
		Debug|Any CPU = Debug|Any CPU
		Release|Any CPU = Release|Any CPU
	EndGlobalSection
	GlobalSection(ProjectConfigurationPlatforms) = postSolution
		{AE8981D6-C0FC-48CF-9870-52520F35B49E}.Debug|Any CPU.ActiveCfg = Debug|Any CPU
		{AE8981D6-C0FC-48CF-9870-52520F35B49E}.Debug|Any CPU.Build.0 = Debug|Any CPU
		{AE8981D6-C0FC-48CF-9870-52520F35B49E}.Release|Any CPU.ActiveCfg = Release|Any CPU
		{AE8981D6-C0FC-48CF-9870-52520F35B49E}.Release|Any CPU.Build.0 = Release|Any CPU
	EndGlobalSection
	GlobalSection(SolutionProperties) = preSolution
		HideSolutionNode = FALSE
	EndGlobalSection
	GlobalSection(ExtensibilityGlobals) = postSolution
		SolutionGuid = {4ADC7E01-5477-489E-BA91-0E9E4148CB47}
	EndGlobalSection
EndGlobal
