
Microsoft Visual Studio Solution File, Format Version 12.00
# Visual Studio Version 17
VisualStudioVersion = 17.11.35222.181
MinimumVisualStudioVersion = 10.0.40219.1
Project("{FAE04EC0-301F-11D3-BF4B-00C04F79EFBC}") = "PE_DataTypesAndVariables_AizlynnHarkleroad", "PE_DataTypesAndVariables_AizlynnHarkleroad.csproj", "{271386BF-22DC-4F29-8BBB-07CB8BD8FDBF}"
EndProject
Global
	GlobalSection(SolutionConfigurationPlatforms) = preSolution
		Debug|Any CPU = Debug|Any CPU
		Release|Any CPU = Release|Any CPU
	EndGlobalSection
	GlobalSection(ProjectConfigurationPlatforms) = postSolution
		{271386BF-22DC-4F29-8BBB-07CB8BD8FDBF}.Debug|Any CPU.ActiveCfg = Debug|Any CPU
		{271386BF-22DC-4F29-8BBB-07CB8BD8FDBF}.Debug|Any CPU.Build.0 = Debug|Any CPU
		{271386BF-22DC-4F29-8BBB-07CB8BD8FDBF}.Release|Any CPU.ActiveCfg = Release|Any CPU
		{271386BF-22DC-4F29-8BBB-07CB8BD8FDBF}.Release|Any CPU.Build.0 = Release|Any CPU
	EndGlobalSection
	GlobalSection(SolutionProperties) = preSolution
		HideSolutionNode = FALSE
	EndGlobalSection
	GlobalSection(ExtensibilityGlobals) = postSolution
		SolutionGuid = {50D4BD47-39C5-4BF5-B615-FF2970934A05}
	EndGlobalSection
EndGlobal
