
Microsoft Visual Studio Solution File, Format Version 12.00
# Visual Studio Version 17
VisualStudioVersion = 17.6.33815.320
MinimumVisualStudioVersion = 10.0.40219.1
Project("{FAE04EC0-301F-11D3-BF4B-00C04F79EFBC}") = "HW4_Arena", "HW4_Arena.csproj", "{EF524DA1-9BFC-49EC-B4B0-BBC737C62153}"
EndProject
Global
	GlobalSection(SolutionConfigurationPlatforms) = preSolution
		Debug|Any CPU = Debug|Any CPU
		Release|Any CPU = Release|Any CPU
	EndGlobalSection
	GlobalSection(ProjectConfigurationPlatforms) = postSolution
		{EF524DA1-9BFC-49EC-B4B0-BBC737C62153}.Debug|Any CPU.ActiveCfg = Debug|Any CPU
		{EF524DA1-9BFC-49EC-B4B0-BBC737C62153}.Debug|Any CPU.Build.0 = Debug|Any CPU
		{EF524DA1-9BFC-49EC-B4B0-BBC737C62153}.Release|Any CPU.ActiveCfg = Release|Any CPU
		{EF524DA1-9BFC-49EC-B4B0-BBC737C62153}.Release|Any CPU.Build.0 = Release|Any CPU
	EndGlobalSection
	GlobalSection(SolutionProperties) = preSolution
		HideSolutionNode = FALSE
	EndGlobalSection
	GlobalSection(ExtensibilityGlobals) = postSolution
		SolutionGuid = {1D89F545-99AF-42D2-87DE-A96F66F02CAA}
	EndGlobalSection
EndGlobal
