
Microsoft Visual Studio Solution File, Format Version 12.00
# Visual Studio Version 17
VisualStudioVersion = 17.11.35222.181
MinimumVisualStudioVersion = 10.0.40219.1
Project("{FAE04EC0-301F-11D3-BF4B-00C04F79EFBC}") = "PE_IfStatements_AizlynnHarkleroad", "PE_IfStatements_AizlynnHarkleroad.csproj", "{06EE82D0-7E99-4E15-8901-B15FC2BC6D12}"
EndProject
Global
	GlobalSection(SolutionConfigurationPlatforms) = preSolution
		Debug|Any CPU = Debug|Any CPU
		Release|Any CPU = Release|Any CPU
	EndGlobalSection
	GlobalSection(ProjectConfigurationPlatforms) = postSolution
		{06EE82D0-7E99-4E15-8901-B15FC2BC6D12}.Debug|Any CPU.ActiveCfg = Debug|Any CPU
		{06EE82D0-7E99-4E15-8901-B15FC2BC6D12}.Debug|Any CPU.Build.0 = Debug|Any CPU
		{06EE82D0-7E99-4E15-8901-B15FC2BC6D12}.Release|Any CPU.ActiveCfg = Release|Any CPU
		{06EE82D0-7E99-4E15-8901-B15FC2BC6D12}.Release|Any CPU.Build.0 = Release|Any CPU
	EndGlobalSection
	GlobalSection(SolutionProperties) = preSolution
		HideSolutionNode = FALSE
	EndGlobalSection
	GlobalSection(ExtensibilityGlobals) = postSolution
		SolutionGuid = {14241C36-6FBA-4F99-AC94-2EB7DB60DE93}
	EndGlobalSection
EndGlobal
