
Microsoft Visual Studio Solution File, Format Version 12.00
# Visual Studio Version 17
VisualStudioVersion = 17.11.35222.181
MinimumVisualStudioVersion = 10.0.40219.1
Project("{FAE04EC0-301F-11D3-BF4B-00C04F79EFBC}") = "PE_CompoundConditionals_AHarkleroad", "PE_CompoundConditionals_AHarkleroad.csproj", "{BE2CFACF-9A4E-4611-9B27-A1547E0379AD}"
EndProject
Global
	GlobalSection(SolutionConfigurationPlatforms) = preSolution
		Debug|Any CPU = Debug|Any CPU
		Release|Any CPU = Release|Any CPU
	EndGlobalSection
	GlobalSection(ProjectConfigurationPlatforms) = postSolution
		{BE2CFACF-9A4E-4611-9B27-A1547E0379AD}.Debug|Any CPU.ActiveCfg = Debug|Any CPU
		{BE2CFACF-9A4E-4611-9B27-A1547E0379AD}.Debug|Any CPU.Build.0 = Debug|Any CPU
		{BE2CFACF-9A4E-4611-9B27-A1547E0379AD}.Release|Any CPU.ActiveCfg = Release|Any CPU
		{BE2CFACF-9A4E-4611-9B27-A1547E0379AD}.Release|Any CPU.Build.0 = Release|Any CPU
	EndGlobalSection
	GlobalSection(SolutionProperties) = preSolution
		HideSolutionNode = FALSE
	EndGlobalSection
	GlobalSection(ExtensibilityGlobals) = postSolution
		SolutionGuid = {4AC4BE3D-2159-4F34-BE8A-F4755B573AC3}
	EndGlobalSection
EndGlobal
